
Microsoft Visual Studio Solution File, Format Version 12.00
Project("{FAE04EC0-301F-11D3-BF4B-00C04F79EFBC}") = "NetTwitter", "NetTwitter.csproj", "{137E0174-2F0B-431C-B8AC-061A0FDE434E}"
EndProject
Global
	GlobalSection(SolutionConfigurationPlatforms) = preSolution
		Debug|Any CPU = Debug|Any CPU
		Release|Any CPU = Release|Any CPU
	EndGlobalSection
	GlobalSection(ProjectConfigurationPlatforms) = postSolution
		{137E0174-2F0B-431C-B8AC-061A0FDE434E}.Debug|Any CPU.ActiveCfg = Debug|Any CPU
		{137E0174-2F0B-431C-B8AC-061A0FDE434E}.Debug|Any CPU.Build.0 = Debug|Any CPU
		{137E0174-2F0B-431C-B8AC-061A0FDE434E}.Release|Any CPU.ActiveCfg = Release|Any CPU
		{137E0174-2F0B-431C-B8AC-061A0FDE434E}.Release|Any CPU.Build.0 = Release|Any CPU
	EndGlobalSection
EndGlobal
